
Microsoft Visual Studio Solution File, Format Version 12.00
# Visual Studio Version 16
VisualStudioVersion = 16.0.30204.135
MinimumVisualStudioVersion = 10.0.40219.1
Project("{FAE04EC0-301F-11D3-BF4B-00C04F79EFBC}") = "EjemploTaller", "EjemploTaller\EjemploTaller.csproj", "{A0B7F341-7F08-4EFD-ABE5-C55A3229B00B}"
EndProject
Global
	GlobalSection(SolutionConfigurationPlatforms) = preSolution
		Debug|Any CPU = Debug|Any CPU
		Release|Any CPU = Release|Any CPU
	EndGlobalSection
	GlobalSection(ProjectConfigurationPlatforms) = postSolution
		{A0B7F341-7F08-4EFD-ABE5-C55A3229B00B}.Debug|Any CPU.ActiveCfg = Debug|Any CPU
		{A0B7F341-7F08-4EFD-ABE5-C55A3229B00B}.Debug|Any CPU.Build.0 = Debug|Any CPU
		{A0B7F341-7F08-4EFD-ABE5-C55A3229B00B}.Release|Any CPU.ActiveCfg = Release|Any CPU
		{A0B7F341-7F08-4EFD-ABE5-C55A3229B00B}.Release|Any CPU.Build.0 = Release|Any CPU
	EndGlobalSection
	GlobalSection(SolutionProperties) = preSolution
		HideSolutionNode = FALSE
	EndGlobalSection
	GlobalSection(ExtensibilityGlobals) = postSolution
		SolutionGuid = {10A30D4A-3F9B-42DC-8FE0-88B5C0B63A26}
	EndGlobalSection
EndGlobal
